
Microsoft Visual Studio Solution File, Format Version 12.00
# Visual Studio Version 17
VisualStudioVersion = 17.14.36429.23 d17.14
MinimumVisualStudioVersion = 10.0.40219.1
Project("{FAE04EC0-301F-11D3-BF4B-00C04F79EFBC}") = "Delivery_Frontend", "Delivery_Frontend\Delivery_Frontend.csproj", "{D02FA873-ED17-40DC-954F-EE88FCC8F18E}"
EndProject
Global
	GlobalSection(SolutionConfigurationPlatforms) = preSolution
		Debug|Any CPU = Debug|Any CPU
		Release|Any CPU = Release|Any CPU
	EndGlobalSection
	GlobalSection(ProjectConfigurationPlatforms) = postSolution
		{D02FA873-ED17-40DC-954F-EE88FCC8F18E}.Debug|Any CPU.ActiveCfg = Debug|Any CPU
		{D02FA873-ED17-40DC-954F-EE88FCC8F18E}.Debug|Any CPU.Build.0 = Debug|Any CPU
		{D02FA873-ED17-40DC-954F-EE88FCC8F18E}.Release|Any CPU.ActiveCfg = Release|Any CPU
		{D02FA873-ED17-40DC-954F-EE88FCC8F18E}.Release|Any CPU.Build.0 = Release|Any CPU
	EndGlobalSection
	GlobalSection(SolutionProperties) = preSolution
		HideSolutionNode = FALSE
	EndGlobalSection
	GlobalSection(ExtensibilityGlobals) = postSolution
		SolutionGuid = {39056E01-F098-4910-BCFC-9D7515A283D3}
	EndGlobalSection
EndGlobal
